# THIS IS AN AUTOGENERATED FILE. DO NOT EDIT THIS FILE DIRECTLY.
# yarn lockfile v1


"@types/semver@^6.0.2":
  version "6.2.2"
  resolved "http://npm.gllue.net/@types%2fsemver/-/semver-6.2.2.tgz#5c27df09ca39e3c9beb4fae6b95f4d71426df0a9"
  integrity sha1-XCffCco548m+tPrmuV9NcUJt8Kk=

semver@^6.3.0:
  version "6.3.0"
  resolved "http://npm.gllue.net/semver/-/semver-6.3.0.tgz#ee0a64c8af5e8ceea67687b133761e1becbd1d3d"
  integrity sha1-7gpkyK9ejO6mdoexM3YeG+y9HT0=
