{
  "name": "trpg-chat-emotion",
  "version": "1.0.0",
  "lockfileVersion": 1,
  "requires": true,
  "dependencies": {
    "@types/hashids": {
      "version": "1.0.30",
      "resolved": "https://registry.npmjs.org/@types/hashids/-/hashids-1.0.30.tgz",
      "integrity": "sha512-ESXJxz/GRY+SGa3n0WuWZLR0xM3k8LTr4+2xOoj/a0ZThglF/UfEeKVaMQNNFvFQ+mw3ng8LbC3gmJx/GmR5EQ==",
      "dev": true,
      "requires": {
        "@types/node": "*"
      }
    },
    "@types/node": {
      "version": "12.11.7",
      "resolved": "https://registry.npmjs.org/@types/node/-/node-12.11.7.tgz",
      "integrity": "sha512-JNbGaHFCLwgHn/iCckiGSOZ1XYHsKFwREtzPwSGCVld1SGhOlmZw2D4ZI94HQCrBHbADzW9m4LER/8olJTRGHA==",
      "dev": true
    },
    "hashids": {
      "version": "1.2.2",
      "resolved": "https://registry.npmjs.org/hashids/-/hashids-1.2.2.tgz",
      "integrity": "sha512-dEHCG2LraR6PNvSGxosZHIRgxF5sNLOIBFEHbj8lfP9WWmu/PWPMzsip1drdVSOFi51N2pU7gZavrgn7sbGFuw=="
    }
  }
}
