{
  "name": "trpg-help",
  "version": "1.0.0",
  "lockfileVersion": 1,
  "requires": true,
  "dependencies": {
    "any-promise": {
      "version": "1.3.0",
      "resolved": "https://registry.npmjs.org/any-promise/-/any-promise-1.3.0.tgz",
      "integrity": "sha1-q8av7tzqUugJzcA3au0845Y10X8="
    },
    "app-module-path": {
      "version": "2.2.0",
      "resolved": "https://registry.npmjs.org/app-module-path/-/app-module-path-2.2.0.tgz",
      "integrity": "sha1-ZBqlXft9am8KgUHEucCqULbCTdU="
    },
    "argly": {
      "version": "1.2.0",
      "resolved": "https://registry.npmjs.org/argly/-/argly-1.2.0.tgz",
      "integrity": "sha1-KydORVGin/XnGZ0u2XiOtm7TbmA="
    },
    "assertion-error": {
      "version": "1.1.0",
      "resolved": "https://registry.npmjs.org/assertion-error/-/assertion-error-1.1.0.tgz",
      "integrity": "sha512-jgsaNduz+ndvGyFt3uSuWqvy4lCnIJiovtouQN5JZHOKCS2QuhEdbcQHFhVksz2N2U9hXJo8odG7ETyWlEeuDw=="
    },
    "balanced-match": {
      "version": "1.0.0",
      "resolved": "https://registry.npmjs.org/balanced-match/-/balanced-match-1.0.0.tgz",
      "integrity": "sha1-ibTRmasr7kneFk6gK4nORi1xt2c="
    },
    "brace-expansion": {
      "version": "1.1.11",
      "resolved": "https://registry.npmjs.org/brace-expansion/-/brace-expansion-1.1.11.tgz",
      "integrity": "sha512-iCuPHDFgrHX7H2vEI/5xpz07zSHB00TpugqhmYtVmMO6518mCuRMoOYFldEBl0g187ufozdaHgWKcYFb61qGiA==",
      "requires": {
        "balanced-match": "^1.0.0",
        "concat-map": "0.0.1"
      }
    },
    "browser-refresh-client": {
      "version": "1.1.4",
      "resolved": "https://registry.npmjs.org/browser-refresh-client/-/browser-refresh-client-1.1.4.tgz",
      "integrity": "sha1-jl/4R1/h1UHSroH3oa6gWuIaYhc="
    },
    "camelcase": {
      "version": "5.3.1",
      "resolved": "https://registry.npmjs.org/camelcase/-/camelcase-5.3.1.tgz",
      "integrity": "sha512-L28STB170nwWS63UjtlEOE3dldQApaJXZkOI1uMFfzf3rRuPegHaHesyee+YxQ+W6SvRDQV6UrdOdRiR153wJg=="
    },
    "chai": {
      "version": "3.5.0",
      "resolved": "https://registry.npmjs.org/chai/-/chai-3.5.0.tgz",
      "integrity": "sha1-TQJjewZ/6Vi9v906QOxW/vc3Mkc=",
      "requires": {
        "assertion-error": "^1.0.1",
        "deep-eql": "^0.1.3",
        "type-detect": "^1.0.0"
      }
    },
    "char-props": {
      "version": "0.1.5",
      "resolved": "https://registry.npmjs.org/char-props/-/char-props-0.1.5.tgz",
      "integrity": "sha1-W5UvniDqIc0Iyn/hNaEPb+kcEJ4="
    },
    "complain": {
      "version": "1.6.0",
      "resolved": "https://registry.npmjs.org/complain/-/complain-1.6.0.tgz",
      "integrity": "sha512-9oBfSEfxveaNmo2eSp/vEPkaBVxUhiJTZVgGYayzBchSAXQM6CK1PAQeV5ICShnSgfT+biYzrN7egKwwX+HkCw==",
      "requires": {
        "error-stack-parser": "^2.0.1"
      }
    },
    "concat-map": {
      "version": "0.0.1",
      "resolved": "https://registry.npmjs.org/concat-map/-/concat-map-0.0.1.tgz",
      "integrity": "sha1-2Klr13/Wjfd5OnMDajug1UBdR3s="
    },
    "debug": {
      "version": "3.2.6",
      "resolved": "https://registry.npmjs.org/debug/-/debug-3.2.6.tgz",
      "integrity": "sha512-mel+jf7nrtEl5Pn1Qx46zARXKDpBbvzezse7p7LqINmdoIk8PYP5SySaxEmYv6TZ0JyEKA1hsCId6DIhgITtWQ==",
      "requires": {
        "ms": "^2.1.1"
      }
    },
    "deep-eql": {
      "version": "0.1.3",
      "resolved": "https://registry.npmjs.org/deep-eql/-/deep-eql-0.1.3.tgz",
      "integrity": "sha1-71WKyrjeJSBs1xOQbXTlaTDrafI=",
      "requires": {
        "type-detect": "0.1.1"
      },
      "dependencies": {
        "type-detect": {
          "version": "0.1.1",
          "resolved": "https://registry.npmjs.org/type-detect/-/type-detect-0.1.1.tgz",
          "integrity": "sha1-C6XsKohWQORw6k6FBZcZANrFiCI="
        }
      }
    },
    "deep-is": {
      "version": "0.1.3",
      "resolved": "https://registry.npmjs.org/deep-is/-/deep-is-0.1.3.tgz",
      "integrity": "sha1-s2nW+128E+7PUk+RsHD+7cNXzzQ="
    },
    "depd": {
      "version": "1.1.2",
      "resolved": "https://registry.npmjs.org/depd/-/depd-1.1.2.tgz",
      "integrity": "sha1-m81S4UwJd2PnSbJ0xDRu0uVgtak="
    },
    "deresolve": {
      "version": "1.1.2",
      "resolved": "https://registry.npmjs.org/deresolve/-/deresolve-1.1.2.tgz",
      "integrity": "sha1-nPI3nI0tYx3EuZVylLkOSnLLbOA=",
      "requires": {
        "lasso-package-root": "^1.0.0",
        "raptor-polyfill": "^1.0.2",
        "resolve-from": "^1.0.1"
      },
      "dependencies": {
        "resolve-from": {
          "version": "1.0.1",
          "resolved": "https://registry.npmjs.org/resolve-from/-/resolve-from-1.0.1.tgz",
          "integrity": "sha1-Jsv+k10a7uq7Kbw/5a6wHpPUQiY="
        }
      }
    },
    "error-stack-parser": {
      "version": "2.0.4",
      "resolved": "https://registry.npmjs.org/error-stack-parser/-/error-stack-parser-2.0.4.tgz",
      "integrity": "sha512-fZ0KkoxSjLFmhW5lHbUT3tLwy3nX1qEzMYo8koY1vrsAco53CMT1djnBSeC/wUjTEZRhZl9iRw7PaMaxfJ4wzQ==",
      "requires": {
        "stackframe": "^1.1.0"
      }
    },
    "escodegen": {
      "version": "1.12.0",
      "resolved": "https://registry.npmjs.org/escodegen/-/escodegen-1.12.0.tgz",
      "integrity": "sha512-TuA+EhsanGcme5T3R0L80u4t8CpbXQjegRmf7+FPTJrtCTErXFeelblRgHQa1FofEzqYYJmJ/OqjTwREp9qgmg==",
      "requires": {
        "esprima": "^3.1.3",
        "estraverse": "^4.2.0",
        "esutils": "^2.0.2",
        "optionator": "^0.8.1",
        "source-map": "~0.6.1"
      },
      "dependencies": {
        "esprima": {
          "version": "3.1.3",
          "resolved": "https://registry.npmjs.org/esprima/-/esprima-3.1.3.tgz",
          "integrity": "sha1-/cpRzuYTOJXjyI1TXOSdv/YqRjM="
        }
      }
    },
    "esprima": {
      "version": "4.0.1",
      "resolved": "https://registry.npmjs.org/esprima/-/esprima-4.0.1.tgz",
      "integrity": "sha512-eGuFFw7Upda+g4p+QHvnW0RyTX/SVeJBDM/gCtMARO0cLuT2HcEKnTPvhjV6aGeqrCB/sbNop0Kszm0jsaWU4A=="
    },
    "estraverse": {
      "version": "4.3.0",
      "resolved": "https://registry.npmjs.org/estraverse/-/estraverse-4.3.0.tgz",
      "integrity": "sha512-39nnKffWz8xN1BU/2c79n9nB9HDzo0niYUqx6xyqUnyoAnQyyWpOTdZEeiCch8BBu515t4wp9ZmgVfVhn9EBpw=="
    },
    "esutils": {
      "version": "2.0.3",
      "resolved": "https://registry.npmjs.org/esutils/-/esutils-2.0.3.tgz",
      "integrity": "sha512-kVscqXk4OCp68SZ0dkgEKVi6/8ij300KBWTJq32P/dYeWTSwK41WyTxalN1eRmA5Z9UU/LX9D7FWSmV9SAYx6g=="
    },
    "events": {
      "version": "1.1.1",
      "resolved": "https://registry.npmjs.org/events/-/events-1.1.1.tgz",
      "integrity": "sha1-nr23Y1rQmccNzEwqH1AEKI6L2SQ="
    },
    "events-light": {
      "version": "1.0.5",
      "resolved": "https://registry.npmjs.org/events-light/-/events-light-1.0.5.tgz",
      "integrity": "sha1-lk5jRQugr0prAiqpVbF//vZXte4=",
      "requires": {
        "chai": "^3.5.0"
      }
    },
    "fast-levenshtein": {
      "version": "2.0.6",
      "resolved": "https://registry.npmjs.org/fast-levenshtein/-/fast-levenshtein-2.0.6.tgz",
      "integrity": "sha1-PYpcZog6FqMMqGQ+hR8Zuqd5eRc="
    },
    "he": {
      "version": "1.2.0",
      "resolved": "https://registry.npmjs.org/he/-/he-1.2.0.tgz",
      "integrity": "sha512-F/1DnUGPopORZi0ni+CvrCgHQ5FyEAHRLSApuYWMmrbSwoN2Mn/7k+Gl38gJnR7yyDZk6WLXwiGod1JOWNDKGw=="
    },
    "htmljs-parser": {
      "version": "2.7.0",
      "resolved": "https://registry.npmjs.org/htmljs-parser/-/htmljs-parser-2.7.0.tgz",
      "integrity": "sha512-bCCAo97cn/nEyHVu6ooked7lPUfGmOQGF8ig0M/Kf/IKtMuoHmFKUr98pEh4hkBfcBAN9ReGy8SXWF/daDrfvg==",
      "requires": {
        "char-props": "^0.1.5",
        "complain": "^1.0.0"
      }
    },
    "http-errors": {
      "version": "1.7.3",
      "resolved": "https://registry.npmjs.org/http-errors/-/http-errors-1.7.3.tgz",
      "integrity": "sha512-ZTTX0MWrsQ2ZAhA1cejAwDLycFsd7I7nVtnkT3Ol0aqodaKW+0CTZDQ1uBv5whptCnc8e8HeRRJxRs0kmm/Qfw==",
      "requires": {
        "depd": "~1.1.2",
        "inherits": "2.0.4",
        "setprototypeof": "1.1.1",
        "statuses": ">= 1.5.0 < 2",
        "toidentifier": "1.0.0"
      }
    },
    "inherits": {
      "version": "2.0.4",
      "resolved": "https://registry.npmjs.org/inherits/-/inherits-2.0.4.tgz",
      "integrity": "sha512-k/vGaX4/Yla3WzyMCvTQOXYeIHvqOKtnqBduzTHpzpQZzAskKMhZ2K+EnBiSM9zGSoIFeMpXKxa4dYeZIQqewQ=="
    },
    "isarray": {
      "version": "0.0.1",
      "resolved": "https://registry.npmjs.org/isarray/-/isarray-0.0.1.tgz",
      "integrity": "sha1-ihis/Kmo9Bd+Cav8YDiTmwXR7t8="
    },
    "koa-compose": {
      "version": "3.2.1",
      "resolved": "https://registry.npmjs.org/koa-compose/-/koa-compose-3.2.1.tgz",
      "integrity": "sha1-qFzLQLfZhtjlo0Wzoazo6rz1Tec=",
      "requires": {
        "any-promise": "^1.1.0"
      }
    },
    "koa-router": {
      "version": "7.4.0",
      "resolved": "https://registry.npmjs.org/koa-router/-/koa-router-7.4.0.tgz",
      "integrity": "sha512-IWhaDXeAnfDBEpWS6hkGdZ1ablgr6Q6pGdXCyK38RbzuH4LkUOpPqPw+3f8l8aTDrQmBQ7xJc0bs2yV4dzcO+g==",
      "requires": {
        "debug": "^3.1.0",
        "http-errors": "^1.3.1",
        "koa-compose": "^3.0.0",
        "methods": "^1.0.1",
        "path-to-regexp": "^1.1.1",
        "urijs": "^1.19.0"
      }
    },
    "koa-send": {
      "version": "4.1.3",
      "resolved": "https://registry.npmjs.org/koa-send/-/koa-send-4.1.3.tgz",
      "integrity": "sha512-3UetMBdaXSiw24qM2Mx5mKmxLKw5ZTPRjACjfhK6Haca55RKm9hr/uHDrkrxhSl5/S1CKI/RivZVIopiatZuTA==",
      "requires": {
        "debug": "^2.6.3",
        "http-errors": "^1.6.1",
        "mz": "^2.6.0",
        "resolve-path": "^1.4.0"
      },
      "dependencies": {
        "debug": {
          "version": "2.6.9",
          "resolved": "https://registry.npmjs.org/debug/-/debug-2.6.9.tgz",
          "integrity": "sha512-bC7ElrdJaJnPbAP+1EotYvqZsb3ecl5wi6Bfi6BJTUcNowp6cvspg0jXznRTKDjm/E7AdgFBVeAPVMNcKGsHMA==",
          "requires": {
            "ms": "2.0.0"
          }
        },
        "ms": {
          "version": "2.0.0",
          "resolved": "https://registry.npmjs.org/ms/-/ms-2.0.0.tgz",
          "integrity": "sha1-VgiurfwAvmwpAd9fmGF4jeDVl8g="
        }
      }
    },
    "koa-static": {
      "version": "4.0.3",
      "resolved": "https://registry.npmjs.org/koa-static/-/koa-static-4.0.3.tgz",
      "integrity": "sha512-JGmxTuPWy4bH7bt6gD/OMWkhprawvRmzJSr8TWKmTL4N7+IMv3s0SedeQi5S4ilxM9Bo6ptkCyXj/7wf+VS5tg==",
      "requires": {
        "debug": "^3.1.0",
        "koa-send": "^4.1.3"
      }
    },
    "lasso-caching-fs": {
      "version": "1.0.2",
      "resolved": "https://registry.npmjs.org/lasso-caching-fs/-/lasso-caching-fs-1.0.2.tgz",
      "integrity": "sha1-m+TrHwaqwSYDRMrq70LC8AhusQ0=",
      "requires": {
        "raptor-async": "^1.1.2"
      }
    },
    "lasso-modules-client": {
      "version": "2.0.5",
      "resolved": "https://registry.npmjs.org/lasso-modules-client/-/lasso-modules-client-2.0.5.tgz",
      "integrity": "sha1-2aBnJKkAl3Y2lxZn7pwXDS/E3Sg=",
      "requires": {
        "lasso-package-root": "^1.0.0",
        "raptor-polyfill": "^1.0.2"
      }
    },
    "lasso-package-root": {
      "version": "1.0.1",
      "resolved": "https://registry.npmjs.org/lasso-package-root/-/lasso-package-root-1.0.1.tgz",
      "integrity": "sha1-mX0OcfQdA8Xw+gmlvCmNeW+LLCM=",
      "requires": {
        "lasso-caching-fs": "^1.0.0"
      }
    },
    "levn": {
      "version": "0.3.0",
      "resolved": "https://registry.npmjs.org/levn/-/levn-0.3.0.tgz",
      "integrity": "sha1-OwmSTt+fCDwEkP3UwLxEIeBHZO4=",
      "requires": {
        "prelude-ls": "~1.1.2",
        "type-check": "~0.3.2"
      }
    },
    "listener-tracker": {
      "version": "2.0.0",
      "resolved": "https://registry.npmjs.org/listener-tracker/-/listener-tracker-2.0.0.tgz",
      "integrity": "sha1-OWCLQ1wJAfpVECF8FFJyjWvBm18="
    },
    "marko": {
      "version": "4.18.16",
      "resolved": "https://registry.npmjs.org/marko/-/marko-4.18.16.tgz",
      "integrity": "sha512-8IPGg1ikMGjrRX+63Kc0mRgDQsO0KoJeh0kbwPXUKz6JI60zLQOcBvupCkDXmcXt75EDsPpeNhn9mvzkRGlcDw==",
      "requires": {
        "app-module-path": "^2.2.0",
        "argly": "^1.0.0",
        "browser-refresh-client": "^1.0.0",
        "camelcase": "^5.0.0",
        "char-props": "~0.1.5",
        "complain": "^1.6.0",
        "deresolve": "^1.1.2",
        "escodegen": "^1.8.1",
        "esprima": "^4.0.0",
        "estraverse": "^4.2.0",
        "events": "^1.0.2",
        "events-light": "^1.0.0",
        "he": "^1.1.0",
        "htmljs-parser": "^2.6.7",
        "lasso-caching-fs": "^1.0.1",
        "lasso-modules-client": "^2.0.4",
        "lasso-package-root": "^1.0.1",
        "listener-tracker": "^2.0.0",
        "minimatch": "^3.0.2",
        "object-assign": "^4.1.0",
        "property-handlers": "^1.0.0",
        "raptor-json": "^1.0.1",
        "raptor-polyfill": "^1.0.0",
        "raptor-promises": "^1.0.1",
        "raptor-regexp": "^1.0.0",
        "raptor-util": "^3.2.0",
        "resolve-from": "^2.0.0",
        "shorthash": "0.0.2",
        "simple-sha1": "^2.1.0",
        "strip-json-comments": "^2.0.1",
        "try-require": "^1.2.1",
        "warp10": "^2.0.1"
      }
    },
    "methods": {
      "version": "1.1.2",
      "resolved": "https://registry.npmjs.org/methods/-/methods-1.1.2.tgz",
      "integrity": "sha1-VSmk1nZUE07cxSZmVoNbD4Ua/O4="
    },
    "minimatch": {
      "version": "3.0.4",
      "resolved": "https://registry.npmjs.org/minimatch/-/minimatch-3.0.4.tgz",
      "integrity": "sha512-yJHVQEhyqPLUTgt9B83PXu6W3rx4MvvHvSUvToogpwoGDOUQ+yDrR0HRot+yOCdCO7u4hX3pWft6kWBBcqh0UA==",
      "requires": {
        "brace-expansion": "^1.1.7"
      }
    },
    "ms": {
      "version": "2.1.2",
      "resolved": "https://registry.npmjs.org/ms/-/ms-2.1.2.tgz",
      "integrity": "sha512-sGkPx+VjMtmA6MX27oA4FBFELFCZZ4S4XqeGOXCv68tT+jb3vk/RyaKWP0PTKyWtmLSM0b+adUTEvbs1PEaH2w=="
    },
    "mz": {
      "version": "2.7.0",
      "resolved": "https://registry.npmjs.org/mz/-/mz-2.7.0.tgz",
      "integrity": "sha512-z81GNO7nnYMEhrGh9LeymoE4+Yr0Wn5McHIZMK5cfQCl+NDX08sCZgUc9/6MHni9IWuFLm1Z3HTCXu2z9fN62Q==",
      "requires": {
        "any-promise": "^1.0.0",
        "object-assign": "^4.0.1",
        "thenify-all": "^1.0.0"
      }
    },
    "object-assign": {
      "version": "4.1.1",
      "resolved": "https://registry.npmjs.org/object-assign/-/object-assign-4.1.1.tgz",
      "integrity": "sha1-IQmtx5ZYh8/AXLvUQsrIv7s2CGM="
    },
    "optionator": {
      "version": "0.8.2",
      "resolved": "https://registry.npmjs.org/optionator/-/optionator-0.8.2.tgz",
      "integrity": "sha1-NkxeQJ0/TWMB1sC0wFu6UBgK62Q=",
      "requires": {
        "deep-is": "~0.1.3",
        "fast-levenshtein": "~2.0.4",
        "levn": "~0.3.0",
        "prelude-ls": "~1.1.2",
        "type-check": "~0.3.2",
        "wordwrap": "~1.0.0"
      }
    },
    "path-is-absolute": {
      "version": "1.0.1",
      "resolved": "https://registry.npmjs.org/path-is-absolute/-/path-is-absolute-1.0.1.tgz",
      "integrity": "sha1-F0uSaHNVNP+8es5r9TpanhtcX18="
    },
    "path-to-regexp": {
      "version": "1.7.0",
      "resolved": "https://registry.npmjs.org/path-to-regexp/-/path-to-regexp-1.7.0.tgz",
      "integrity": "sha1-Wf3g9DW62suhA6hOnTvGTpa5k30=",
      "requires": {
        "isarray": "0.0.1"
      }
    },
    "prelude-ls": {
      "version": "1.1.2",
      "resolved": "https://registry.npmjs.org/prelude-ls/-/prelude-ls-1.1.2.tgz",
      "integrity": "sha1-IZMqVJ9eUv/ZqCf1cOBL5iqX2lQ="
    },
    "property-handlers": {
      "version": "1.1.1",
      "resolved": "https://registry.npmjs.org/property-handlers/-/property-handlers-1.1.1.tgz",
      "integrity": "sha1-yyDTIqq32U//rCj0bJGGvVlHtLQ="
    },
    "q": {
      "version": "1.5.1",
      "resolved": "https://registry.npmjs.org/q/-/q-1.5.1.tgz",
      "integrity": "sha1-fjL3W0E4EpHQRhHxvxQQmsAGUdc="
    },
    "raptor-async": {
      "version": "1.1.3",
      "resolved": "https://registry.npmjs.org/raptor-async/-/raptor-async-1.1.3.tgz",
      "integrity": "sha1-uDw8m2A9yYXCw6n3jStAc+b2Akw="
    },
    "raptor-json": {
      "version": "1.1.0",
      "resolved": "https://registry.npmjs.org/raptor-json/-/raptor-json-1.1.0.tgz",
      "integrity": "sha1-cL0JsU5k99MuxQzOg3fWApwPCHY=",
      "requires": {
        "raptor-strings": "^1.0.0"
      }
    },
    "raptor-polyfill": {
      "version": "1.1.0",
      "resolved": "https://registry.npmjs.org/raptor-polyfill/-/raptor-polyfill-1.1.0.tgz",
      "integrity": "sha512-VhFc5e6EuNGdax7FQ2QWlCdXFi5OBBsclDh0kzZtgBI7lauc8aFs7+htdi5Q3qCRoYXfsucSBsRKf7a3s+YGmA=="
    },
    "raptor-promises": {
      "version": "1.0.3",
      "resolved": "https://registry.npmjs.org/raptor-promises/-/raptor-promises-1.0.3.tgz",
      "integrity": "sha1-1XaxEOBCNlT3/fFyHijULk3DwOs=",
      "requires": {
        "q": "^1.0.1",
        "raptor-util": "^1.0.0"
      },
      "dependencies": {
        "raptor-util": {
          "version": "1.1.2",
          "resolved": "https://registry.npmjs.org/raptor-util/-/raptor-util-1.1.2.tgz",
          "integrity": "sha1-8u6AdqmuPq4uZWcuRqIgB0+i3/M="
        }
      }
    },
    "raptor-regexp": {
      "version": "1.0.1",
      "resolved": "https://registry.npmjs.org/raptor-regexp/-/raptor-regexp-1.0.1.tgz",
      "integrity": "sha1-7PD2bGZxwM2fXkjDcFAmxVCZlcA="
    },
    "raptor-strings": {
      "version": "1.0.2",
      "resolved": "https://registry.npmjs.org/raptor-strings/-/raptor-strings-1.0.2.tgz",
      "integrity": "sha1-ks4ssBU6/pBHDYA5oCVbTPM6tfw=",
      "requires": {
        "raptor-polyfill": "^1.0.1"
      }
    },
    "raptor-util": {
      "version": "3.2.0",
      "resolved": "https://registry.npmjs.org/raptor-util/-/raptor-util-3.2.0.tgz",
      "integrity": "sha1-I7DIA8jxrIocrmfZpjiLSRYcl1g="
    },
    "resolve-from": {
      "version": "2.0.0",
      "resolved": "https://registry.npmjs.org/resolve-from/-/resolve-from-2.0.0.tgz",
      "integrity": "sha1-lICrIOlP+h2egKgEx+oUdhGWa1c="
    },
    "resolve-path": {
      "version": "1.4.0",
      "resolved": "https://registry.npmjs.org/resolve-path/-/resolve-path-1.4.0.tgz",
      "integrity": "sha1-xL2p9e+y/OZSR4c6s2u02DT+Fvc=",
      "requires": {
        "http-errors": "~1.6.2",
        "path-is-absolute": "1.0.1"
      },
      "dependencies": {
        "http-errors": {
          "version": "1.6.3",
          "resolved": "https://registry.npmjs.org/http-errors/-/http-errors-1.6.3.tgz",
          "integrity": "sha1-i1VoC7S+KDoLW/TqLjhYC+HZMg0=",
          "requires": {
            "depd": "~1.1.2",
            "inherits": "2.0.3",
            "setprototypeof": "1.1.0",
            "statuses": ">= 1.4.0 < 2"
          }
        },
        "inherits": {
          "version": "2.0.3",
          "resolved": "https://registry.npmjs.org/inherits/-/inherits-2.0.3.tgz",
          "integrity": "sha1-Yzwsg+PaQqUC9SRmAiSA9CCCYd4="
        },
        "setprototypeof": {
          "version": "1.1.0",
          "resolved": "https://registry.npmjs.org/setprototypeof/-/setprototypeof-1.1.0.tgz",
          "integrity": "sha512-BvE/TwpZX4FXExxOxZyRGQQv651MSwmWKZGqvmPcRIjDqWub67kTKuIMx43cZZrS/cBBzwBcNDWoFxt2XEFIpQ=="
        }
      }
    },
    "rusha": {
      "version": "0.8.13",
      "resolved": "https://registry.npmjs.org/rusha/-/rusha-0.8.13.tgz",
      "integrity": "sha1-mghOe4YLF7/zAVuSxnpqM2GRUTo="
    },
    "setprototypeof": {
      "version": "1.1.1",
      "resolved": "https://registry.npmjs.org/setprototypeof/-/setprototypeof-1.1.1.tgz",
      "integrity": "sha512-JvdAWfbXeIGaZ9cILp38HntZSFSo3mWg6xGcJJsd+d4aRMOqauag1C63dJfDw7OaMYwEbHMOxEZ1lqVRYP2OAw=="
    },
    "shorthash": {
      "version": "0.0.2",
      "resolved": "https://registry.npmjs.org/shorthash/-/shorthash-0.0.2.tgz",
      "integrity": "sha1-WbJo7sveWQOLMNogK8+93rLEpOs="
    },
    "simple-sha1": {
      "version": "2.1.2",
      "resolved": "https://registry.npmjs.org/simple-sha1/-/simple-sha1-2.1.2.tgz",
      "integrity": "sha512-TQl9rm4rdKAVmhO++sXAb8TNN0D6JAD5iyI1mqEPNpxUzTRrtm4aOG1pDf/5W/qCFihiaoK6uuL9rvQz1x1VKw==",
      "requires": {
        "rusha": "^0.8.1"
      }
    },
    "source-map": {
      "version": "0.6.1",
      "resolved": "https://registry.npmjs.org/source-map/-/source-map-0.6.1.tgz",
      "integrity": "sha512-UjgapumWlbMhkBgzT7Ykc5YXUT46F0iKu8SGXq0bcwP5dz/h0Plj6enJqjz1Zbq2l5WaqYnrVbwWOWMyF3F47g==",
      "optional": true
    },
    "stackframe": {
      "version": "1.1.0",
      "resolved": "https://registry.npmjs.org/stackframe/-/stackframe-1.1.0.tgz",
      "integrity": "sha512-Vx6W1Yvy+AM1R/ckVwcHQHV147pTPBKWCRLrXMuPrFVfvBUc3os7PR1QLIWCMhPpRg5eX9ojzbQIMLGBwyLjqg=="
    },
    "statuses": {
      "version": "1.5.0",
      "resolved": "https://registry.npmjs.org/statuses/-/statuses-1.5.0.tgz",
      "integrity": "sha1-Fhx9rBd2Wf2YEfQ3cfqZOBR4Yow="
    },
    "strip-json-comments": {
      "version": "2.0.1",
      "resolved": "https://registry.npmjs.org/strip-json-comments/-/strip-json-comments-2.0.1.tgz",
      "integrity": "sha1-PFMZQukIwml8DsNEhYwobHygpgo="
    },
    "thenify": {
      "version": "3.3.0",
      "resolved": "https://registry.npmjs.org/thenify/-/thenify-3.3.0.tgz",
      "integrity": "sha1-5p44obq+lpsBCCB5eLn2K4hgSDk=",
      "requires": {
        "any-promise": "^1.0.0"
      }
    },
    "thenify-all": {
      "version": "1.6.0",
      "resolved": "https://registry.npmjs.org/thenify-all/-/thenify-all-1.6.0.tgz",
      "integrity": "sha1-GhkY1ALY/D+Y+/I02wvMjMEOlyY=",
      "requires": {
        "thenify": ">= 3.1.0 < 4"
      }
    },
    "toidentifier": {
      "version": "1.0.0",
      "resolved": "https://registry.npmjs.org/toidentifier/-/toidentifier-1.0.0.tgz",
      "integrity": "sha512-yaOH/Pk/VEhBWWTlhI+qXxDFXlejDGcQipMlyxda9nthulaxLZUNcUqFxokp0vcYnvteJln5FNQDRrxj3YcbVw=="
    },
    "try-require": {
      "version": "1.2.1",
      "resolved": "https://registry.npmjs.org/try-require/-/try-require-1.2.1.tgz",
      "integrity": "sha1-NEiaLKwMCcHMEO2RugEVlNQzO+I="
    },
    "type-check": {
      "version": "0.3.2",
      "resolved": "https://registry.npmjs.org/type-check/-/type-check-0.3.2.tgz",
      "integrity": "sha1-WITKtRLPHTVeP7eE8wgEsrUg23I=",
      "requires": {
        "prelude-ls": "~1.1.2"
      }
    },
    "type-detect": {
      "version": "1.0.0",
      "resolved": "https://registry.npmjs.org/type-detect/-/type-detect-1.0.0.tgz",
      "integrity": "sha1-diIXzAbbJY7EiQihKY6LlRIejqI="
    },
    "urijs": {
      "version": "1.19.2",
      "resolved": "https://registry.npmjs.org/urijs/-/urijs-1.19.2.tgz",
      "integrity": "sha512-s/UIq9ap4JPZ7H1EB5ULo/aOUbWqfDi7FKzMC2Nz+0Si8GiT1rIEaprt8hy3Vy2Ex2aJPpOQv4P4DuOZ+K1c6w=="
    },
    "warp10": {
      "version": "2.0.1",
      "resolved": "https://registry.npmjs.org/warp10/-/warp10-2.0.1.tgz",
      "integrity": "sha512-nS1KG2RCVTWepfSitZKzL+HYiqqMJag06KtOJF/LwklrJWeJYRWHjMYpd6GXMt09ot+HIEj+Y4dmQNnNNE0Bjg=="
    },
    "wordwrap": {
      "version": "1.0.0",
      "resolved": "https://registry.npmjs.org/wordwrap/-/wordwrap-1.0.0.tgz",
      "integrity": "sha1-J1hIEIkUVqQXHI0CJkQa3pDLyus="
    }
  }
}
