# THIS IS AN AUTOGENERATED FILE. DO NOT EDIT THIS FILE DIRECTLY.
# yarn lockfile v1


acorn-jsx@^5.3.1:
  version "5.3.1"
  resolved "https://registry.npm.taobao.org/acorn-jsx/-/acorn-jsx-5.3.1.tgz#fc8661e11b7ac1539c47dbfea2e72b3af34d267b"
  integrity sha1-/IZh4Rt6wVOcR9v+oucrOvNNJns=

acorn@^7.4.0:
  version "7.4.1"
  resolved "https://registry.npm.taobao.org/acorn/-/acorn-7.4.1.tgz#feaed255973d2e77555b83dbc08851a6c63520fa"
  integrity sha1-/q7SVZc9LndVW4PbwIhRpsY1IPo=

any-promise@^1.0.0:
  version "1.3.0"
  resolved "https://registry.npm.taobao.org/any-promise/-/any-promise-1.3.0.tgz#abc6afeedcea52e809cdc0376aed3ce39635d17f"
  integrity sha1-q8av7tzqUugJzcA3au0845Y10X8=

app-module-path@^2.2.0:
  version "2.2.0"
  resolved "https://registry.npm.taobao.org/app-module-path/-/app-module-path-2.2.0.tgz#641aa55dfb7d6a6f0a8141c4b9c0aa50b6c24dd5"
  integrity sha1-ZBqlXft9am8KgUHEucCqULbCTdU=

argly@^1.0.0:
  version "1.2.0"
  resolved "https://registry.npm.taobao.org/argly/-/argly-1.2.0.tgz#2b274e4551a29ff5e7199d2ed9788eb66ed36e60"
  integrity sha1-KydORVGin/XnGZ0u2XiOtm7TbmA=

assertion-error@^1.0.1:
  version "1.1.0"
  resolved "https://registry.npm.taobao.org/assertion-error/-/assertion-error-1.1.0.tgz#e60b6b0e8f301bd97e5375215bda406c85118c0b"
  integrity sha1-5gtrDo8wG9l+U3UhW9pAbIURjAs=

balanced-match@^1.0.0:
  version "1.0.2"
  resolved "https://registry.npm.taobao.org/balanced-match/-/balanced-match-1.0.2.tgz#e83e3a7e3f300b34cb9d87f615fa0cbf357690ee"
  integrity sha1-6D46fj8wCzTLnYf2FfoMvzV2kO4=

brace-expansion@^1.1.7:
  version "1.1.11"
  resolved "https://registry.npm.taobao.org/brace-expansion/-/brace-expansion-1.1.11.tgz#3c7fcbf529d87226f3d2f52b966ff5271eb441dd"
  integrity sha512-iCuPHDFgrHX7H2vEI/5xpz07zSHB00TpugqhmYtVmMO6518mCuRMoOYFldEBl0g187ufozdaHgWKcYFb61qGiA==
  dependencies:
    balanced-match "^1.0.0"
    concat-map "0.0.1"

browser-refresh-client@^1.0.0:
  version "1.1.4"
  resolved "https://registry.npm.taobao.org/browser-refresh-client/-/browser-refresh-client-1.1.4.tgz#8e5ff8475fe1d541d2ae81f7a1aea05ae21a6217"
  integrity sha1-jl/4R1/h1UHSroH3oa6gWuIaYhc=

camelcase@^5.0.0:
  version "5.3.1"
  resolved "https://registry.npm.taobao.org/camelcase/-/camelcase-5.3.1.tgz#e3c9b31569e106811df242f715725a1f4c494320"
  integrity sha1-48mzFWnhBoEd8kL3FXJaH0xJQyA=

chai@^3.5.0:
  version "3.5.0"
  resolved "https://registry.npm.taobao.org/chai/-/chai-3.5.0.tgz#4d02637b067fe958bdbfdd3a40ec56fef7373247"
  integrity sha1-TQJjewZ/6Vi9v906QOxW/vc3Mkc=
  dependencies:
    assertion-error "^1.0.1"
    deep-eql "^0.1.3"
    type-detect "^1.0.0"

char-props@^0.1.5, char-props@~0.1.5:
  version "0.1.5"
  resolved "https://registry.npm.taobao.org/char-props/-/char-props-0.1.5.tgz#5b952f9e20ea21cd08ca7fe135a10f6fe91c109e"
  integrity sha1-W5UvniDqIc0Iyn/hNaEPb+kcEJ4=

complain@^1.0.0, complain@^1.6.0:
  version "1.6.0"
  resolved "https://registry.npm.taobao.org/complain/-/complain-1.6.0.tgz#e8a1ff3f7dc03ff2b396b4b3e27af35236a3c25c"
  integrity sha1-6KH/P33AP/KzlrSz4nrzUjajwlw=
  dependencies:
    error-stack-parser "^2.0.1"

concat-map@0.0.1:
  version "0.0.1"
  resolved "https://registry.npm.taobao.org/concat-map/-/concat-map-0.0.1.tgz#d8a96bd77fd68df7793a73036a3ba0d5405d477b"
  integrity sha1-2Klr13/Wjfd5OnMDajug1UBdR3s=

debug@^2.6.3:
  version "2.6.9"
  resolved "https://registry.npm.taobao.org/debug/-/debug-2.6.9.tgz#5d128515df134ff327e90a4c93f4e077a536341f"
  integrity sha512-bC7ElrdJaJnPbAP+1EotYvqZsb3ecl5wi6Bfi6BJTUcNowp6cvspg0jXznRTKDjm/E7AdgFBVeAPVMNcKGsHMA==
  dependencies:
    ms "2.0.0"

debug@^3.1.0:
  version "3.2.7"
  resolved "https://registry.npm.taobao.org/debug/-/debug-3.2.7.tgz#72580b7e9145fb39b6676f9c5e5fb100b934179a"
  integrity sha1-clgLfpFF+zm2Z2+cXl+xALk0F5o=
  dependencies:
    ms "^2.1.1"

deep-eql@^0.1.3:
  version "0.1.3"
  resolved "https://registry.npm.taobao.org/deep-eql/-/deep-eql-0.1.3.tgz#ef558acab8de25206cd713906d74e56930eb69f2"
  integrity sha1-71WKyrjeJSBs1xOQbXTlaTDrafI=
  dependencies:
    type-detect "0.1.1"

deep-is@~0.1.3:
  version "0.1.3"
  resolved "https://registry.npm.taobao.org/deep-is/-/deep-is-0.1.3.tgz#b369d6fb5dbc13eecf524f91b070feedc357cf34"
  integrity sha1-s2nW+128E+7PUk+RsHD+7cNXzzQ=

depd@~1.1.2:
  version "1.1.2"
  resolved "https://registry.npm.taobao.org/depd/-/depd-1.1.2.tgz#9bcd52e14c097763e749b274c4346ed2e560b5a9"
  integrity sha1-m81S4UwJd2PnSbJ0xDRu0uVgtak=

deresolve@^1.1.2:
  version "1.1.2"
  resolved "https://registry.npm.taobao.org/deresolve/-/deresolve-1.1.2.tgz#9cf2379c8d2d631dc4b9957294b90e4a72cb6ce0"
  integrity sha1-nPI3nI0tYx3EuZVylLkOSnLLbOA=
  dependencies:
    lasso-package-root "^1.0.0"
    raptor-polyfill "^1.0.2"
    resolve-from "^1.0.1"

error-stack-parser@^2.0.1:
  version "2.0.6"
  resolved "https://registry.npm.taobao.org/error-stack-parser/-/error-stack-parser-2.0.6.tgz#5a99a707bd7a4c58a797902d48d82803ede6aad8"
  integrity sha1-WpmnB716TFinl5AtSNgoA+3mqtg=
  dependencies:
    stackframe "^1.1.1"

escodegen@^1.8.1:
  version "1.14.3"
  resolved "https://registry.npm.taobao.org/escodegen/-/escodegen-1.14.3.tgz#4e7b81fba61581dc97582ed78cab7f0e8d63f503"
  integrity sha1-TnuB+6YVgdyXWC7XjKt/Do1j9QM=
  dependencies:
    esprima "^4.0.1"
    estraverse "^4.2.0"
    esutils "^2.0.2"
    optionator "^0.8.1"
  optionalDependencies:
    source-map "~0.6.1"

eslint-visitor-keys@^1.3.0:
  version "1.3.0"
  resolved "https://registry.npm.taobao.org/eslint-visitor-keys/-/eslint-visitor-keys-1.3.0.tgz#30ebd1ef7c2fdff01c3a4f151044af25fab0523e"
  integrity sha1-MOvR73wv3/AcOk8VEESvJfqwUj4=

espree@^7.3.0:
  version "7.3.1"
  resolved "https://registry.npm.taobao.org/espree/-/espree-7.3.1.tgz#f2df330b752c6f55019f8bd89b7660039c1bbbb6"
  integrity sha1-8t8zC3Usb1UBn4vYm3ZgA5wbu7Y=
  dependencies:
    acorn "^7.4.0"
    acorn-jsx "^5.3.1"
    eslint-visitor-keys "^1.3.0"

esprima@^4.0.1:
  version "4.0.1"
  resolved "https://registry.npm.taobao.org/esprima/-/esprima-4.0.1.tgz#13b04cdb3e6c5d19df91ab6987a8695619b0aa71"
  integrity sha512-eGuFFw7Upda+g4p+QHvnW0RyTX/SVeJBDM/gCtMARO0cLuT2HcEKnTPvhjV6aGeqrCB/sbNop0Kszm0jsaWU4A==

estraverse@^4.2.0, estraverse@^4.3.0:
  version "4.3.0"
  resolved "https://registry.npm.taobao.org/estraverse/-/estraverse-4.3.0.tgz#398ad3f3c5a24948be7725e83d11a7de28cdbd1d"
  integrity sha1-OYrT88WiSUi+dyXoPRGn3ijNvR0=

esutils@^2.0.2:
  version "2.0.3"
  resolved "https://registry.npm.taobao.org/esutils/-/esutils-2.0.3.tgz#74d2eb4de0b8da1293711910d50775b9b710ef64"
  integrity sha1-dNLrTeC42hKTcRkQ1Qd1ubcQ72Q=

events-light@^1.0.0:
  version "1.0.5"
  resolved "https://registry.npm.taobao.org/events-light/-/events-light-1.0.5.tgz#964e63450ba0af4a6b022aa955b17ffef657b5ee"
  integrity sha1-lk5jRQugr0prAiqpVbF//vZXte4=
  dependencies:
    chai "^3.5.0"

fast-levenshtein@~2.0.6:
  version "2.0.6"
  resolved "https://registry.npm.taobao.org/fast-levenshtein/-/fast-levenshtein-2.0.6.tgz#3d8a5c66883a16a30ca8643e851f19baa7797917"
  integrity sha1-PYpcZog6FqMMqGQ+hR8Zuqd5eRc=

he@^1.1.0:
  version "1.2.0"
  resolved "https://registry.npm.taobao.org/he/-/he-1.2.0.tgz#84ae65fa7eafb165fddb61566ae14baf05664f0f"
  integrity sha512-F/1DnUGPopORZi0ni+CvrCgHQ5FyEAHRLSApuYWMmrbSwoN2Mn/7k+Gl38gJnR7yyDZk6WLXwiGod1JOWNDKGw==

htmljs-parser@^2.7.1:
  version "2.9.0"
  resolved "https://registry.npm.taobao.org/htmljs-parser/-/htmljs-parser-2.9.0.tgz#959c5c650b06b0ce8b68a42fd99438663c3db35b"
  integrity sha1-lZxcZQsGsM6LaKQv2ZQ4Zjw9s1s=
  dependencies:
    char-props "^0.1.5"
    complain "^1.0.0"

http-errors@^1.6.1:
  version "1.8.0"
  resolved "https://registry.npm.taobao.org/http-errors/-/http-errors-1.8.0.tgz#75d1bbe497e1044f51e4ee9e704a62f28d336507"
  integrity sha1-ddG75JfhBE9R5O6ecEpi8o0zZQc=
  dependencies:
    depd "~1.1.2"
    inherits "2.0.4"
    setprototypeof "1.2.0"
    statuses ">= 1.5.0 < 2"
    toidentifier "1.0.0"

http-errors@~1.6.2:
  version "1.6.3"
  resolved "https://registry.npm.taobao.org/http-errors/-/http-errors-1.6.3.tgz#8b55680bb4be283a0b5bf4ea2e38580be1d9320d"
  integrity sha1-i1VoC7S+KDoLW/TqLjhYC+HZMg0=
  dependencies:
    depd "~1.1.2"
    inherits "2.0.3"
    setprototypeof "1.1.0"
    statuses ">= 1.4.0 < 2"

inherits@2.0.3:
  version "2.0.3"
  resolved "https://registry.npm.taobao.org/inherits/-/inherits-2.0.3.tgz#633c2c83e3da42a502f52466022480f4208261de"
  integrity sha1-Yzwsg+PaQqUC9SRmAiSA9CCCYd4=

inherits@2.0.4:
  version "2.0.4"
  resolved "https://registry.npm.taobao.org/inherits/-/inherits-2.0.4.tgz#0fa2c64f932917c3433a0ded55363aae37416b7c"
  integrity sha1-D6LGT5MpF8NDOg3tVTY6rjdBa3w=

koa-send@^4.1.3:
  version "4.1.3"
  resolved "https://registry.npm.taobao.org/koa-send/-/koa-send-4.1.3.tgz#0822207bbf5253a414c8f1765ebc29fa41353cb6"
  integrity sha512-3UetMBdaXSiw24qM2Mx5mKmxLKw5ZTPRjACjfhK6Haca55RKm9hr/uHDrkrxhSl5/S1CKI/RivZVIopiatZuTA==
  dependencies:
    debug "^2.6.3"
    http-errors "^1.6.1"
    mz "^2.6.0"
    resolve-path "^1.4.0"

koa-static@^4.0.3:
  version "4.0.3"
  resolved "https://registry.npm.taobao.org/koa-static/-/koa-static-4.0.3.tgz#5f93ad00fb1905db9ce46667c0e8bb7d22abfcd8"
  integrity sha512-JGmxTuPWy4bH7bt6gD/OMWkhprawvRmzJSr8TWKmTL4N7+IMv3s0SedeQi5S4ilxM9Bo6ptkCyXj/7wf+VS5tg==
  dependencies:
    debug "^3.1.0"
    koa-send "^4.1.3"

lasso-caching-fs@^1.0.0, lasso-caching-fs@^1.0.1:
  version "1.0.2"
  resolved "https://registry.npm.taobao.org/lasso-caching-fs/-/lasso-caching-fs-1.0.2.tgz#9be4eb1f06aac1260344caeaef42c2f0086eb10d"
  integrity sha1-m+TrHwaqwSYDRMrq70LC8AhusQ0=
  dependencies:
    raptor-async "^1.1.2"

lasso-modules-client@^2.0.4:
  version "2.0.7"
  resolved "https://registry.npm.taobao.org/lasso-modules-client/-/lasso-modules-client-2.0.7.tgz#f8952f1b7ec30ab7f9abd00743df27c02ad9c6bf"
  integrity sha1-+JUvG37DCrf5q9AHQ98nwCrZxr8=
  dependencies:
    lasso-package-root "^1.0.0"
    raptor-polyfill "^1.0.2"

lasso-package-root@^1.0.0, lasso-package-root@^1.0.1:
  version "1.0.1"
  resolved "https://registry.npm.taobao.org/lasso-package-root/-/lasso-package-root-1.0.1.tgz#997d0e71f41d03c5f0fa09a5bc298d796f8b2c23"
  integrity sha1-mX0OcfQdA8Xw+gmlvCmNeW+LLCM=
  dependencies:
    lasso-caching-fs "^1.0.0"

levn@~0.3.0:
  version "0.3.0"
  resolved "https://registry.npm.taobao.org/levn/-/levn-0.3.0.tgz#3b09924edf9f083c0490fdd4c0bc4421e04764ee"
  integrity sha1-OwmSTt+fCDwEkP3UwLxEIeBHZO4=
  dependencies:
    prelude-ls "~1.1.2"
    type-check "~0.3.2"

listener-tracker@^2.0.0:
  version "2.0.0"
  resolved "https://registry.npm.taobao.org/listener-tracker/-/listener-tracker-2.0.0.tgz#39608b435c0901fa5510217c1452728d6bc19b5f"
  integrity sha1-OWCLQ1wJAfpVECF8FFJyjWvBm18=

marko@^4.10.0:
  version "4.23.16"
  resolved "https://registry.npm.taobao.org/marko/-/marko-4.23.16.tgz#ce321cc1a51c0223ca882cbecf1b93f4ee360604"
  integrity sha1-zjIcwaUcAiPKiCy+zxuT9O42BgQ=
  dependencies:
    acorn "^7.4.0"
    app-module-path "^2.2.0"
    argly "^1.0.0"
    browser-refresh-client "^1.0.0"
    camelcase "^5.0.0"
    char-props "~0.1.5"
    complain "^1.6.0"
    deresolve "^1.1.2"
    escodegen "^1.8.1"
    espree "^7.3.0"
    estraverse "^4.3.0"
    events-light "^1.0.0"
    he "^1.1.0"
    htmljs-parser "^2.7.1"
    lasso-caching-fs "^1.0.1"
    lasso-modules-client "^2.0.4"
    lasso-package-root "^1.0.1"
    listener-tracker "^2.0.0"
    minimatch "^3.0.2"
    property-handlers "^1.0.0"
    raptor-regexp "^1.0.0"
    raptor-util "^3.2.0"
    resolve-from "^2.0.0"
    self-closing-tags "^1.0.1"
    simple-sha1 "^2.1.0"
    strip-json-comments "^2.0.1"
    warp10 "^2.0.1"

minimatch@^3.0.2:
  version "3.0.4"
  resolved "https://registry.npm.taobao.org/minimatch/-/minimatch-3.0.4.tgz#5166e286457f03306064be5497e8dbb0c3d32083"
  integrity sha512-yJHVQEhyqPLUTgt9B83PXu6W3rx4MvvHvSUvToogpwoGDOUQ+yDrR0HRot+yOCdCO7u4hX3pWft6kWBBcqh0UA==
  dependencies:
    brace-expansion "^1.1.7"

ms@2.0.0:
  version "2.0.0"
  resolved "https://registry.npm.taobao.org/ms/-/ms-2.0.0.tgz#5608aeadfc00be6c2901df5f9861788de0d597c8"
  integrity sha1-VgiurfwAvmwpAd9fmGF4jeDVl8g=

ms@^2.1.1:
  version "2.1.3"
  resolved "https://registry.npm.taobao.org/ms/-/ms-2.1.3.tgz#574c8138ce1d2b5861f0b44579dbadd60c6615b2"
  integrity sha1-V0yBOM4dK1hh8LRFedut1gxmFbI=

mz@^2.6.0:
  version "2.7.0"
  resolved "https://registry.npm.taobao.org/mz/-/mz-2.7.0.tgz#95008057a56cafadc2bc63dde7f9ff6955948e32"
  integrity sha512-z81GNO7nnYMEhrGh9LeymoE4+Yr0Wn5McHIZMK5cfQCl+NDX08sCZgUc9/6MHni9IWuFLm1Z3HTCXu2z9fN62Q==
  dependencies:
    any-promise "^1.0.0"
    object-assign "^4.0.1"
    thenify-all "^1.0.0"

object-assign@^4.0.1:
  version "4.1.1"
  resolved "https://registry.npm.taobao.org/object-assign/-/object-assign-4.1.1.tgz#2109adc7965887cfc05cbbd442cac8bfbb360863"
  integrity sha1-IQmtx5ZYh8/AXLvUQsrIv7s2CGM=

optionator@^0.8.1:
  version "0.8.3"
  resolved "https://registry.npm.taobao.org/optionator/-/optionator-0.8.3.tgz#84fa1d036fe9d3c7e21d99884b601167ec8fb495"
  integrity sha1-hPodA2/p08fiHZmIS2ARZ+yPtJU=
  dependencies:
    deep-is "~0.1.3"
    fast-levenshtein "~2.0.6"
    levn "~0.3.0"
    prelude-ls "~1.1.2"
    type-check "~0.3.2"
    word-wrap "~1.2.3"

path-is-absolute@1.0.1:
  version "1.0.1"
  resolved "https://registry.npm.taobao.org/path-is-absolute/-/path-is-absolute-1.0.1.tgz#174b9268735534ffbc7ace6bf53a5a9e1b5c5f5f"
  integrity sha1-F0uSaHNVNP+8es5r9TpanhtcX18=

prelude-ls@~1.1.2:
  version "1.1.2"
  resolved "https://registry.npm.taobao.org/prelude-ls/-/prelude-ls-1.1.2.tgz#21932a549f5e52ffd9a827f570e04be62a97da54"
  integrity sha1-IZMqVJ9eUv/ZqCf1cOBL5iqX2lQ=

property-handlers@^1.0.0:
  version "1.1.1"
  resolved "https://registry.npm.taobao.org/property-handlers/-/property-handlers-1.1.1.tgz#cb20d322aab7d94fffac28f46c9186bd5947b4b4"
  integrity sha1-yyDTIqq32U//rCj0bJGGvVlHtLQ=

raptor-async@^1.1.2:
  version "1.1.3"
  resolved "https://registry.npm.taobao.org/raptor-async/-/raptor-async-1.1.3.tgz#b83c3c9b603dc985c2c3a9f78d2b4073e6f6024c"
  integrity sha1-uDw8m2A9yYXCw6n3jStAc+b2Akw=

raptor-polyfill@^1.0.2:
  version "1.1.0"
  resolved "https://registry.npm.taobao.org/raptor-polyfill/-/raptor-polyfill-1.1.0.tgz#8d2de1298c59ee804750b6ff9c687de62ef21e6a"
  integrity sha1-jS3hKYxZ7oBHULb/nGh95i7yHmo=

raptor-regexp@^1.0.0:
  version "1.0.1"
  resolved "https://registry.npm.taobao.org/raptor-regexp/-/raptor-regexp-1.0.1.tgz#ecf0f66c6671c0cd9f5e48c3705026c5509995c0"
  integrity sha1-7PD2bGZxwM2fXkjDcFAmxVCZlcA=

raptor-util@^3.2.0:
  version "3.2.0"
  resolved "https://registry.npm.taobao.org/raptor-util/-/raptor-util-3.2.0.tgz#23b0c803c8f1ac8a1cae67d9a6388b49161c9758"
  integrity sha1-I7DIA8jxrIocrmfZpjiLSRYcl1g=

resolve-from@^1.0.1:
  version "1.0.1"
  resolved "https://registry.npm.taobao.org/resolve-from/-/resolve-from-1.0.1.tgz#26cbfe935d1aeeeabb29bc3fe5aeb01e93d44226"
  integrity sha1-Jsv+k10a7uq7Kbw/5a6wHpPUQiY=

resolve-from@^2.0.0:
  version "2.0.0"
  resolved "https://registry.npm.taobao.org/resolve-from/-/resolve-from-2.0.0.tgz#9480ab20e94ffa1d9e80a804c7ea147611966b57"
  integrity sha1-lICrIOlP+h2egKgEx+oUdhGWa1c=

resolve-path@^1.4.0:
  version "1.4.0"
  resolved "https://registry.npm.taobao.org/resolve-path/-/resolve-path-1.4.0.tgz#c4bda9f5efb2fce65247873ab36bb4d834fe16f7"
  integrity sha1-xL2p9e+y/OZSR4c6s2u02DT+Fvc=
  dependencies:
    http-errors "~1.6.2"
    path-is-absolute "1.0.1"

rusha@^0.8.1:
  version "0.8.13"
  resolved "https://registry.npm.taobao.org/rusha/-/rusha-0.8.13.tgz#9a084e7b860b17bff3015b92c67a6a336191513a"
  integrity sha1-mghOe4YLF7/zAVuSxnpqM2GRUTo=

self-closing-tags@^1.0.1:
  version "1.0.1"
  resolved "https://registry.npm.taobao.org/self-closing-tags/-/self-closing-tags-1.0.1.tgz#6c5fa497994bb826b484216916371accee490a5d"
  integrity sha1-bF+kl5lLuCa0hCFpFjcazO5JCl0=

setprototypeof@1.1.0:
  version "1.1.0"
  resolved "https://registry.npm.taobao.org/setprototypeof/-/setprototypeof-1.1.0.tgz#d0bd85536887b6fe7c0d818cb962d9d91c54e656"
  integrity sha512-BvE/TwpZX4FXExxOxZyRGQQv651MSwmWKZGqvmPcRIjDqWub67kTKuIMx43cZZrS/cBBzwBcNDWoFxt2XEFIpQ==

setprototypeof@1.2.0:
  version "1.2.0"
  resolved "https://registry.npm.taobao.org/setprototypeof/-/setprototypeof-1.2.0.tgz#66c9a24a73f9fc28cbe66b09fed3d33dcaf1b424"
  integrity sha1-ZsmiSnP5/CjL5msJ/tPTPcrxtCQ=

simple-sha1@^2.1.0:
  version "2.1.2"
  resolved "https://registry.npm.taobao.org/simple-sha1/-/simple-sha1-2.1.2.tgz#de40cbd5aae278fde8e3bb3250a35d74c67326b1"
  integrity sha1-3kDL1arieP3o47syUKNddMZzJrE=
  dependencies:
    rusha "^0.8.1"

source-map@~0.6.1:
  version "0.6.1"
  resolved "https://registry.npm.taobao.org/source-map/-/source-map-0.6.1.tgz#74722af32e9614e9c287a8d0bbde48b5e2f1a263"
  integrity sha512-UjgapumWlbMhkBgzT7Ykc5YXUT46F0iKu8SGXq0bcwP5dz/h0Plj6enJqjz1Zbq2l5WaqYnrVbwWOWMyF3F47g==

stackframe@^1.1.1:
  version "1.2.0"
  resolved "https://registry.npm.taobao.org/stackframe/-/stackframe-1.2.0.tgz#52429492d63c62eb989804c11552e3d22e779303"
  integrity sha1-UkKUktY8YuuYmATBFVLj0i53kwM=

"statuses@>= 1.4.0 < 2", "statuses@>= 1.5.0 < 2":
  version "1.5.0"
  resolved "https://registry.npm.taobao.org/statuses/-/statuses-1.5.0.tgz#161c7dac177659fd9811f43771fa99381478628c"
  integrity sha1-Fhx9rBd2Wf2YEfQ3cfqZOBR4Yow=

strip-json-comments@^2.0.1:
  version "2.0.1"
  resolved "https://registry.npm.taobao.org/strip-json-comments/-/strip-json-comments-2.0.1.tgz#3c531942e908c2697c0ec344858c286c7ca0a60a"
  integrity sha1-PFMZQukIwml8DsNEhYwobHygpgo=

thenify-all@^1.0.0:
  version "1.6.0"
  resolved "https://registry.npm.taobao.org/thenify-all/-/thenify-all-1.6.0.tgz#1a1918d402d8fc3f98fbf234db0bcc8cc10e9726"
  integrity sha1-GhkY1ALY/D+Y+/I02wvMjMEOlyY=
  dependencies:
    thenify ">= 3.1.0 < 4"

"thenify@>= 3.1.0 < 4":
  version "3.3.1"
  resolved "https://registry.npm.taobao.org/thenify/-/thenify-3.3.1.tgz#8932e686a4066038a016dd9e2ca46add9838a95f"
  integrity sha1-iTLmhqQGYDigFt2eLKRq3Zg4qV8=
  dependencies:
    any-promise "^1.0.0"

toidentifier@1.0.0:
  version "1.0.0"
  resolved "https://registry.npm.taobao.org/toidentifier/-/toidentifier-1.0.0.tgz#7e1be3470f1e77948bc43d94a3c8f4d7752ba553"
  integrity sha512-yaOH/Pk/VEhBWWTlhI+qXxDFXlejDGcQipMlyxda9nthulaxLZUNcUqFxokp0vcYnvteJln5FNQDRrxj3YcbVw==

type-check@~0.3.2:
  version "0.3.2"
  resolved "https://registry.npm.taobao.org/type-check/-/type-check-0.3.2.tgz#5884cab512cf1d355e3fb784f30804b2b520db72"
  integrity sha1-WITKtRLPHTVeP7eE8wgEsrUg23I=
  dependencies:
    prelude-ls "~1.1.2"

type-detect@0.1.1:
  version "0.1.1"
  resolved "https://registry.npm.taobao.org/type-detect/-/type-detect-0.1.1.tgz#0ba5ec2a885640e470ea4e8505971900dac58822"
  integrity sha1-C6XsKohWQORw6k6FBZcZANrFiCI=

type-detect@^1.0.0:
  version "1.0.0"
  resolved "https://registry.npm.taobao.org/type-detect/-/type-detect-1.0.0.tgz#762217cc06db258ec48908a1298e8b95121e8ea2"
  integrity sha1-diIXzAbbJY7EiQihKY6LlRIejqI=

warp10@^2.0.1:
  version "2.0.1"
  resolved "https://registry.npm.taobao.org/warp10/-/warp10-2.0.1.tgz#a21936d53f152a6003ce49bae85c8758c54c3d2c"
  integrity sha1-ohk21T8VKmADzkm66FyHWMVMPSw=

word-wrap@~1.2.3:
  version "1.2.3"
  resolved "https://registry.npm.taobao.org/word-wrap/-/word-wrap-1.2.3.tgz#610636f6b1f703891bd34771ccb17fb93b47079c"
  integrity sha1-YQY29rH3A4kb00dxzLF/uTtHB5w=
